github.com/google/go-cmp v0.7.0 h1:wk8382ETsv4JYUZwIsn6YpYiWiBsYLSJiTsyBybVuN8=
github.com/google/go-cmp v0.7.0/go.mod h1:pXiqmnSA92OHEEa9HXL2W4E7lf9JzCmGVUdgjX3N/iU=
sourcery.dny.nu/longdistance v0.6.0 h1:dItanUtl0niJ/MhdaoF3GkkAFEv4zAsSIIBvJ7XGkBM=
sourcery.dny.nu/longdistance v0.6.0/go.mod h1:y+I1y6HIhh24PCuNTBxS/4YnGc8mBmSbvBp24QA+Zhg=
